
Microsoft Visual Studio Solution File, Format Version 12.00
# Visual Studio Version 16
VisualStudioVersion = 16.0.30621.155
MinimumVisualStudioVersion = 15.0.26124.0
Project("{9A19103F-16F7-4668-BE54-9A1E7A4F7556}") = "OpenChat.Api", "OpenChat.Api\OpenChat.Api.csproj", "{C07323EA-8E7F-4869-9B10-BF79603AD9D0}"
EndProject
Project("{9A19103F-16F7-4668-BE54-9A1E7A4F7556}") = "OpenChat.IntegrationTests", "OpenChat.IntegrationTests\OpenChat.IntegrationTests.csproj", "{4BBDC9DB-4936-47D2-A6E3-A96FBCCCEE40}"
EndProject
Global
	GlobalSection(SolutionConfigurationPlatforms) = preSolution
		Debug|Any CPU = Debug|Any CPU
		Release|Any CPU = Release|Any CPU
	EndGlobalSection
	GlobalSection(ProjectConfigurationPlatforms) = postSolution
		{C07323EA-8E7F-4869-9B10-BF79603AD9D0}.Debug|Any CPU.ActiveCfg = Debug|Any CPU
		{C07323EA-8E7F-4869-9B10-BF79603AD9D0}.Debug|Any CPU.Build.0 = Debug|Any CPU
		{C07323EA-8E7F-4869-9B10-BF79603AD9D0}.Release|Any CPU.ActiveCfg = Release|Any CPU
		{C07323EA-8E7F-4869-9B10-BF79603AD9D0}.Release|Any CPU.Build.0 = Release|Any CPU
		{4BBDC9DB-4936-47D2-A6E3-A96FBCCCEE40}.Debug|Any CPU.ActiveCfg = Debug|Any CPU
		{4BBDC9DB-4936-47D2-A6E3-A96FBCCCEE40}.Debug|Any CPU.Build.0 = Debug|Any CPU
		{4BBDC9DB-4936-47D2-A6E3-A96FBCCCEE40}.Release|Any CPU.ActiveCfg = Release|Any CPU
		{4BBDC9DB-4936-47D2-A6E3-A96FBCCCEE40}.Release|Any CPU.Build.0 = Release|Any CPU
	EndGlobalSection
	GlobalSection(SolutionProperties) = preSolution
		HideSolutionNode = FALSE
	EndGlobalSection
	GlobalSection(ExtensibilityGlobals) = postSolution
		SolutionGuid = {A3CDBB10-B6A7-47E2-9815-07305B2C0C1A}
	EndGlobalSection
EndGlobal
